
Microsoft Visual Studio Solution File, Format Version 12.00
# Visual Studio Version 16
VisualStudioVersion = 16.0.33027.164
MinimumVisualStudioVersion = 10.0.40219.1
Project("{FAE04EC0-301F-11D3-BF4B-00C04F79EFBC}") = "Assignment1", "Assignment1\Assignment1.csproj", "{0DA294D8-AF8A-44F3-B980-2624BD5E0985}"
EndProject
Global
	GlobalSection(SolutionConfigurationPlatforms) = preSolution
		Debug|Any CPU = Debug|Any CPU
		Release|Any CPU = Release|Any CPU
	EndGlobalSection
	GlobalSection(ProjectConfigurationPlatforms) = postSolution
		{0DA294D8-AF8A-44F3-B980-2624BD5E0985}.Debug|Any CPU.ActiveCfg = Debug|Any CPU
		{0DA294D8-AF8A-44F3-B980-2624BD5E0985}.Debug|Any CPU.Build.0 = Debug|Any CPU
		{0DA294D8-AF8A-44F3-B980-2624BD5E0985}.Release|Any CPU.ActiveCfg = Release|Any CPU
		{0DA294D8-AF8A-44F3-B980-2624BD5E0985}.Release|Any CPU.Build.0 = Release|Any CPU
	EndGlobalSection
	GlobalSection(SolutionProperties) = preSolution
		HideSolutionNode = FALSE
	EndGlobalSection
	GlobalSection(ExtensibilityGlobals) = postSolution
		SolutionGuid = {14C315F5-F970-4BA1-98F4-3DDBF233B80E}
	EndGlobalSection
EndGlobal
